
Microsoft Visual Studio Solution File, Format Version 12.00
# Visual Studio Version 17
VisualStudioVersion = 17.14.36301.6
MinimumVisualStudioVersion = 10.0.40219.1
Project("{00D1A9C2-B5F0-4AF3-8072-F6C62B433612}") = "NorthWindOLTP", "NorthWind\NorthWindOLTP.sqlproj", "{C386AF92-E718-4856-B493-65EC2383AB56}"
EndProject
Project("{2150E333-8FDC-42A3-9474-1A3956D46DE8}") = "Databases", "Databases", "{02EA681E-C7D8-13C7-8484-4AC65E1B71E8}"
EndProject
Project("{2150E333-8FDC-42A3-9474-1A3956D46DE8}") = "OLTP", "OLTP", "{BD139E84-95E6-4AE3-A695-B78468ACC9B2}"
EndProject
Project("{2150E333-8FDC-42A3-9474-1A3956D46DE8}") = "DataWarehouse", "DataWarehouse", "{A3604BC2-2F00-43A7-BC27-8B9EAE19BD0F}"
EndProject
Project("{2150E333-8FDC-42A3-9474-1A3956D46DE8}") = "ETL", "ETL", "{3F1E79EF-99B4-49CD-B351-6C520D72F8A2}"
EndProject
Project("{00D1A9C2-B5F0-4AF3-8072-F6C62B433612}") = "NorthWindDW", "NorthWindDW\NorthWindDW.sqlproj", "{77127128-78EF-4105-A5ED-435BE541F0FD}"
EndProject
Global
	GlobalSection(SolutionConfigurationPlatforms) = preSolution
		Debug|Any CPU = Debug|Any CPU
		Release|Any CPU = Release|Any CPU
	EndGlobalSection
	GlobalSection(ProjectConfigurationPlatforms) = postSolution
		{C386AF92-E718-4856-B493-65EC2383AB56}.Debug|Any CPU.ActiveCfg = Debug|Any CPU
		{C386AF92-E718-4856-B493-65EC2383AB56}.Debug|Any CPU.Build.0 = Debug|Any CPU
		{C386AF92-E718-4856-B493-65EC2383AB56}.Debug|Any CPU.Deploy.0 = Debug|Any CPU
		{C386AF92-E718-4856-B493-65EC2383AB56}.Release|Any CPU.ActiveCfg = Release|Any CPU
		{C386AF92-E718-4856-B493-65EC2383AB56}.Release|Any CPU.Build.0 = Release|Any CPU
		{C386AF92-E718-4856-B493-65EC2383AB56}.Release|Any CPU.Deploy.0 = Release|Any CPU
		{77127128-78EF-4105-A5ED-435BE541F0FD}.Debug|Any CPU.ActiveCfg = Debug|Any CPU
		{77127128-78EF-4105-A5ED-435BE541F0FD}.Debug|Any CPU.Build.0 = Debug|Any CPU
		{77127128-78EF-4105-A5ED-435BE541F0FD}.Debug|Any CPU.Deploy.0 = Debug|Any CPU
		{77127128-78EF-4105-A5ED-435BE541F0FD}.Release|Any CPU.ActiveCfg = Release|Any CPU
		{77127128-78EF-4105-A5ED-435BE541F0FD}.Release|Any CPU.Build.0 = Release|Any CPU
		{77127128-78EF-4105-A5ED-435BE541F0FD}.Release|Any CPU.Deploy.0 = Release|Any CPU
	EndGlobalSection
	GlobalSection(SolutionProperties) = preSolution
		HideSolutionNode = FALSE
	EndGlobalSection
	GlobalSection(NestedProjects) = preSolution
		{C386AF92-E718-4856-B493-65EC2383AB56} = {BD139E84-95E6-4AE3-A695-B78468ACC9B2}
		{BD139E84-95E6-4AE3-A695-B78468ACC9B2} = {02EA681E-C7D8-13C7-8484-4AC65E1B71E8}
		{A3604BC2-2F00-43A7-BC27-8B9EAE19BD0F} = {02EA681E-C7D8-13C7-8484-4AC65E1B71E8}
		{77127128-78EF-4105-A5ED-435BE541F0FD} = {A3604BC2-2F00-43A7-BC27-8B9EAE19BD0F}
	EndGlobalSection
	GlobalSection(ExtensibilityGlobals) = postSolution
		SolutionGuid = {C23946EA-EE63-46D3-A61A-BBB98E0F5151}
	EndGlobalSection
EndGlobal
